Microsoft Visual Studio Solution File, Format Version 12.00
# Visual Studio Version 16
VisualStudioVersion = 16.0.29009.5
MinimumVisualStudioVersion = 10.0.40219.1
Project("{2150E333-8FDC-42A3-9474-1A3956D46DE8}") = ".paket", ".paket", "{63297B98-5CED-492C-A5B7-A5B4F73CF142}"
	ProjectSection(SolutionItems) = preProject
		Nuget.Config = Nuget.Config
		paket.dependencies = paket.dependencies
		paket.lock = paket.lock
	EndProjectSection
EndProject
Project("{2150E333-8FDC-42A3-9474-1A3956D46DE8}") = "project", "project", "{BF60BC93-E09B-4E5F-9D85-95A519479D54}"
	ProjectSection(SolutionItems) = preProject
		.editorconfig = .editorconfig
		dotnet-tools.json = dotnet-tools.json
		README.md = README.md
		RELEASE_NOTES.md = RELEASE_NOTES.md
	EndProjectSection
EndProject
Project("{2150E333-8FDC-42A3-9474-1A3956D46DE8}") = "git", "git", "{078A9C52-DDC1-46F4-9235-9E6C89C87AFD}"
	ProjectSection(SolutionItems) = preProject
		.gitattributes = .gitattributes
		.gitignore = .gitignore
	EndProjectSection
EndProject
Project("{2150E333-8FDC-42A3-9474-1A3956D46DE8}") = ".build", ".build", "{7C6D08E7-3EAC-4335-8F4B-252C193C27C9}"
	ProjectSection(SolutionItems) = preProject
		build.cmd = build.cmd
		build.fsx = build.fsx
		build.sh = build.sh
	EndProjectSection
EndProject
Project("{2150E333-8FDC-42A3-9474-1A3956D46DE8}") = "tools", "tools", "{55637037-300B-4FA5-8D14-B2CECCCD4B0D}"
EndProject
Project("{6EC3EE1D-3C4E-46DD-8F32-0CC8E7565705}") = "tools", "tools\tools.fsproj", "{E03A3045-EEAB-4616-B0D8-A50A1B75F72B}"
EndProject
Project("{6EC3EE1D-3C4E-46DD-8F32-0CC8E7565705}") = "DiscordBot", "src\DiscordBot\DiscordBot.fsproj", "{31B63C15-E766-438E-9745-E0BB298E0EDF}"
EndProject
Global
	GlobalSection(SolutionConfigurationPlatforms) = preSolution
		Debug|Any CPU = Debug|Any CPU
		Release|Any CPU = Release|Any CPU
	EndGlobalSection
	GlobalSection(ProjectConfigurationPlatforms) = postSolution
		{E03A3045-EEAB-4616-B0D8-A50A1B75F72B}.Debug|Any CPU.ActiveCfg = Debug|Any CPU
		{E03A3045-EEAB-4616-B0D8-A50A1B75F72B}.Debug|Any CPU.Build.0 = Debug|Any CPU
		{E03A3045-EEAB-4616-B0D8-A50A1B75F72B}.Release|Any CPU.ActiveCfg = Release|Any CPU
		{E03A3045-EEAB-4616-B0D8-A50A1B75F72B}.Release|Any CPU.Build.0 = Release|Any CPU
		{31B63C15-E766-438E-9745-E0BB298E0EDF}.Debug|Any CPU.ActiveCfg = Debug|Any CPU
		{31B63C15-E766-438E-9745-E0BB298E0EDF}.Debug|Any CPU.Build.0 = Debug|Any CPU
		{31B63C15-E766-438E-9745-E0BB298E0EDF}.Release|Any CPU.ActiveCfg = Release|Any CPU
		{31B63C15-E766-438E-9745-E0BB298E0EDF}.Release|Any CPU.Build.0 = Release|Any CPU
	EndGlobalSection
	GlobalSection(SolutionProperties) = preSolution
		HideSolutionNode = FALSE
	EndGlobalSection
	GlobalSection(NestedProjects) = preSolution
		{E03A3045-EEAB-4616-B0D8-A50A1B75F72B} = {55637037-300B-4FA5-8D14-B2CECCCD4B0D}
	EndGlobalSection
	GlobalSection(ExtensibilityGlobals) = postSolution
		SolutionGuid = {96DAE6A9-B1CC-4FF7-B08C-D5FBFD55B385}
	EndGlobalSection
EndGlobal
